
Microsoft Visual Studio Solution File, Format Version 12.00
# Visual Studio Version 17
VisualStudioVersion = 17.11.35208.52
MinimumVisualStudioVersion = 10.0.40219.1
Project("{FAE04EC0-301F-11D3-BF4B-00C04F79EFBC}") = "Pacres_Lab Activity 2", "Pacres_Lab Activity 2\Pacres_Lab Activity 2.csproj", "{F923A6A7-767F-4A96-B65B-08CB0EA5FCF1}"
EndProject
Global
	GlobalSection(SolutionConfigurationPlatforms) = preSolution
		Debug|Any CPU = Debug|Any CPU
		Release|Any CPU = Release|Any CPU
	EndGlobalSection
	GlobalSection(ProjectConfigurationPlatforms) = postSolution
		{F923A6A7-767F-4A96-B65B-08CB0EA5FCF1}.Debug|Any CPU.ActiveCfg = Debug|Any CPU
		{F923A6A7-767F-4A96-B65B-08CB0EA5FCF1}.Debug|Any CPU.Build.0 = Debug|Any CPU
		{F923A6A7-767F-4A96-B65B-08CB0EA5FCF1}.Release|Any CPU.ActiveCfg = Release|Any CPU
		{F923A6A7-767F-4A96-B65B-08CB0EA5FCF1}.Release|Any CPU.Build.0 = Release|Any CPU
	EndGlobalSection
	GlobalSection(SolutionProperties) = preSolution
		HideSolutionNode = FALSE
	EndGlobalSection
	GlobalSection(ExtensibilityGlobals) = postSolution
		SolutionGuid = {D57D7A6E-AA6E-467F-BA98-EE7C496126BF}
	EndGlobalSection
EndGlobal
