
Microsoft Visual Studio Solution File, Format Version 12.00
# Visual Studio Version 17
VisualStudioVersion = 17.10.35122.118
MinimumVisualStudioVersion = 10.0.40219.1
Project("{FAE04EC0-301F-11D3-BF4B-00C04F79EFBC}") = "Assignment1_Pacres3", "Assignment1_Pacres3.csproj", "{60B921BA-125D-406A-B60F-3C226D2DB762}"
EndProject
Global
	GlobalSection(SolutionConfigurationPlatforms) = preSolution
		Debug|Any CPU = Debug|Any CPU
		Release|Any CPU = Release|Any CPU
	EndGlobalSection
	GlobalSection(ProjectConfigurationPlatforms) = postSolution
		{60B921BA-125D-406A-B60F-3C226D2DB762}.Debug|Any CPU.ActiveCfg = Debug|Any CPU
		{60B921BA-125D-406A-B60F-3C226D2DB762}.Debug|Any CPU.Build.0 = Debug|Any CPU
		{60B921BA-125D-406A-B60F-3C226D2DB762}.Release|Any CPU.ActiveCfg = Release|Any CPU
		{60B921BA-125D-406A-B60F-3C226D2DB762}.Release|Any CPU.Build.0 = Release|Any CPU
	EndGlobalSection
	GlobalSection(SolutionProperties) = preSolution
		HideSolutionNode = FALSE
	EndGlobalSection
	GlobalSection(ExtensibilityGlobals) = postSolution
		SolutionGuid = {591D7299-A2A5-43A5-A137-E9B45AC937B8}
	EndGlobalSection
EndGlobal
