
Microsoft Visual Studio Solution File, Format Version 12.00
# Visual Studio Version 17
VisualStudioVersion = 17.10.35122.118
MinimumVisualStudioVersion = 10.0.40219.1
Project("{FAE04EC0-301F-11D3-BF4B-00C04F79EFBC}") = "Assignment1_Pacres2", "Assignment1_Pacres2.csproj", "{0099EAB1-50F4-40AD-B9A1-ACA07C847A4D}"
EndProject
Global
	GlobalSection(SolutionConfigurationPlatforms) = preSolution
		Debug|Any CPU = Debug|Any CPU
		Release|Any CPU = Release|Any CPU
	EndGlobalSection
	GlobalSection(ProjectConfigurationPlatforms) = postSolution
		{0099EAB1-50F4-40AD-B9A1-ACA07C847A4D}.Debug|Any CPU.ActiveCfg = Debug|Any CPU
		{0099EAB1-50F4-40AD-B9A1-ACA07C847A4D}.Debug|Any CPU.Build.0 = Debug|Any CPU
		{0099EAB1-50F4-40AD-B9A1-ACA07C847A4D}.Release|Any CPU.ActiveCfg = Release|Any CPU
		{0099EAB1-50F4-40AD-B9A1-ACA07C847A4D}.Release|Any CPU.Build.0 = Release|Any CPU
	EndGlobalSection
	GlobalSection(SolutionProperties) = preSolution
		HideSolutionNode = FALSE
	EndGlobalSection
	GlobalSection(ExtensibilityGlobals) = postSolution
		SolutionGuid = {0FCA60CF-D8AE-40C9-9BF8-8893AFEEAA55}
	EndGlobalSection
EndGlobal
