
Microsoft Visual Studio Solution File, Format Version 12.00
# Visual Studio Version 17
VisualStudioVersion = 17.11.35327.3
MinimumVisualStudioVersion = 10.0.40219.1
Project("{FAE04EC0-301F-11D3-BF4B-00C04F79EFBC}") = "Pacres_Week 6 Assignment", "Pacres_Week 6 Assignment.csproj", "{C2BA074E-7121-4377-9389-08D6A7C01693}"
EndProject
Global
	GlobalSection(SolutionConfigurationPlatforms) = preSolution
		Debug|Any CPU = Debug|Any CPU
		Release|Any CPU = Release|Any CPU
	EndGlobalSection
	GlobalSection(ProjectConfigurationPlatforms) = postSolution
		{C2BA074E-7121-4377-9389-08D6A7C01693}.Debug|Any CPU.ActiveCfg = Debug|Any CPU
		{C2BA074E-7121-4377-9389-08D6A7C01693}.Debug|Any CPU.Build.0 = Debug|Any CPU
		{C2BA074E-7121-4377-9389-08D6A7C01693}.Release|Any CPU.ActiveCfg = Release|Any CPU
		{C2BA074E-7121-4377-9389-08D6A7C01693}.Release|Any CPU.Build.0 = Release|Any CPU
	EndGlobalSection
	GlobalSection(SolutionProperties) = preSolution
		HideSolutionNode = FALSE
	EndGlobalSection
	GlobalSection(ExtensibilityGlobals) = postSolution
		SolutionGuid = {217CAAAA-18B5-4E29-B8F7-499C90D696D8}
	EndGlobalSection
EndGlobal
