
Microsoft Visual Studio Solution File, Format Version 12.00
# Visual Studio Version 17
VisualStudioVersion = 17.10.35122.118
MinimumVisualStudioVersion = 10.0.40219.1
Project("{FAE04EC0-301F-11D3-BF4B-00C04F79EFBC}") = "Pacres_Week 8_Assignment 1", "Pacres_Week 8_Assignment 1.csproj", "{32B5EA7A-628F-4596-A894-00CA9CD1B0B8}"
EndProject
Global
	GlobalSection(SolutionConfigurationPlatforms) = preSolution
		Debug|Any CPU = Debug|Any CPU
		Release|Any CPU = Release|Any CPU
	EndGlobalSection
	GlobalSection(ProjectConfigurationPlatforms) = postSolution
		{32B5EA7A-628F-4596-A894-00CA9CD1B0B8}.Debug|Any CPU.ActiveCfg = Debug|Any CPU
		{32B5EA7A-628F-4596-A894-00CA9CD1B0B8}.Debug|Any CPU.Build.0 = Debug|Any CPU
		{32B5EA7A-628F-4596-A894-00CA9CD1B0B8}.Release|Any CPU.ActiveCfg = Release|Any CPU
		{32B5EA7A-628F-4596-A894-00CA9CD1B0B8}.Release|Any CPU.Build.0 = Release|Any CPU
	EndGlobalSection
	GlobalSection(SolutionProperties) = preSolution
		HideSolutionNode = FALSE
	EndGlobalSection
	GlobalSection(ExtensibilityGlobals) = postSolution
		SolutionGuid = {A42B2DF0-57F6-4416-B25E-A7C9E466B27F}
	EndGlobalSection
EndGlobal
